// !$*UTF8*$!
{
	archiveVersion = 1;
	classes = {
	};
	objectVersion = 46;
	objects = {

/* Begin PBXBuildFile section */
		9CB236F61DAF845400F50C45 /* main.m in Sources */ = {isa = PBXBuildFile; fileRef = 9CB236F51DAF845400F50C45 /* main.m */; };
		9CB236F91DAF845400F50C45 /* AppDelegate.m in Sources */ = {isa = PBXBuildFile; fileRef = 9CB236F81DAF845400F50C45 /* AppDelegate.m */; };
		9CB236FC1DAF845400F50C45 /* ViewController.m in Sources */ = {isa = PBXBuildFile; fileRef = 9CB236FB1DAF845400F50C45 /* ViewController.m */; };
		9CB236FF1DAF845400F50C45 /* Main.storyboard in Resources */ = {isa = PBXBuildFile; fileRef = 9CB236FD1DAF845400F50C45 /* Main.storyboard */; };
		9CB237011DAF845400F50C45 /* Assets.xcassets in Resources */ = {isa = PBXBuildFile; fileRef = 9CB237001DAF845400F50C45 /* Assets.xcassets */; };
		9CB237041DAF845400F50C45 /* LaunchScreen.storyboard in Resources */ = {isa = PBXBuildFile; fileRef = 9CB237021DAF845400F50C45 /* LaunchScreen.storyboard */; };
		9CB2370D1DAF8A4400F50C45 /* UIView+net.m in Sources */ = {isa = PBXBuildFile; fileRef = 9CB2370C1DAF8A4400F50C45 /* UIView+net.m */; };
		9CB237111DAF8BC300F50C45 /* Reachability.m in Sources */ = {isa = PBXBuildFile; fileRef = 9CB237101DAF8BC300F50C45 /* Reachability.m */; };
		9CB237141DAF8D1300F50C45 /* UIButton+net.m in Sources */ = {isa = PBXBuildFile; fileRef = 9CB237131DAF8D1300F50C45 /* UIButton+net.m */; };
		9CB237171DAF8D5F00F50C45 /* UILabel+net.m in Sources */ = {isa = PBXBuildFile; fileRef = 9CB237161DAF8D5F00F50C45 /* UILabel+net.m */; };
		9CB2371A1DAFC2E100F50C45 /* big-Star-actived@2x.png in Resources */ = {isa = PBXBuildFile; fileRef = 9CB237181DAFC2E100F50C45 /* big-Star-actived@2x.png */; };
		9CB2371B1DAFC2E100F50C45 /* big-Star@2x.png in Resources */ = {isa = PBXBuildFile; fileRef = 9CB237191DAFC2E100F50C45 /* big-Star@2x.png */; };
/* End PBXBuildFile section */

/* Begin PBXFileReference section */
		9CB236F11DAF845400F50C45 /* NetBtn.app */ = {isa = PBXFileReference; explicitFileType = wrapper.application; includeInIndex = 0; path = NetBtn.app; sourceTree = BUILT_PRODUCTS_DIR; };
		9CB236F51DAF845400F50C45 /* main.m */ = {isa = PBXFileReference; lastKnownFileType = sourcecode.c.objc; path = main.m; sourceTree = "<group>"; };
		9CB236F71DAF845400F50C45 /* AppDelegate.h */ = {isa = PBXFileReference; lastKnownFileType = sourcecode.c.h; path = AppDelegate.h; sourceTree = "<group>"; };
		9CB236F81DAF845400F50C45 /* AppDelegate.m */ = {isa = PBXFileReference; lastKnownFileType = sourcecode.c.objc; path = AppDelegate.m; sourceTree = "<group>"; };
		9CB236FA1DAF845400F50C45 /* ViewController.h */ = {isa = PBXFileReference; lastKnownFileType = sourcecode.c.h; path = ViewController.h; sourceTree = "<group>"; };
		9CB236FB1DAF845400F50C45 /* ViewController.m */ = {isa = PBXFileReference; lastKnownFileType = sourcecode.c.objc; path = ViewController.m; sourceTree = "<group>"; };
		9CB236FE1DAF845400F50C45 /* Base */ = {isa = PBXFileReference; lastKnownFileType = file.storyboard; name = Base; path = Base.lproj/Main.storyboard; sourceTree = "<group>"; };
		9CB237001DAF845400F50C45 /* Assets.xcassets */ = {isa = PBXFileReference; lastKnownFileType = folder.assetcatalog; path = Assets.xcassets; sourceTree = "<group>"; };
		9CB237031DAF845400F50C45 /* Base */ = {isa = PBXFileReference; lastKnownFileType = file.storyboard; name = Base; path = Base.lproj/LaunchScreen.storyboard; sourceTree = "<group>"; };
		9CB237051DAF845400F50C45 /* Info.plist */ = {isa = PBXFileReference; lastKnownFileType = text.plist.xml; path = Info.plist; sourceTree = "<group>"; };
		9CB2370B1DAF8A4400F50C45 /* UIView+net.h */ = {isa = PBXFileReference; fileEncoding = 4; lastKnownFileType = sourcecode.c.h; path = "UIView+net.h"; sourceTree = "<group>"; };
		9CB2370C1DAF8A4400F50C45 /* UIView+net.m */ = {isa = PBXFileReference; fileEncoding = 4; lastKnownFileType = sourcecode.c.objc; path = "UIView+net.m"; sourceTree = "<group>"; };
		9CB2370F1DAF8BC300F50C45 /* Reachability.h */ = {isa = PBXFileReference; fileEncoding = 4; lastKnownFileType = sourcecode.c.h; path = Reachability.h; sourceTree = "<group>"; };
		9CB237101DAF8BC300F50C45 /* Reachability.m */ = {isa = PBXFileReference; fileEncoding = 4; lastKnownFileType = sourcecode.c.objc; path = Reachability.m; sourceTree = "<group>"; };
		9CB237121DAF8D1300F50C45 /* UIButton+net.h */ = {isa = PBXFileReference; fileEncoding = 4; lastKnownFileType = sourcecode.c.h; path = "UIButton+net.h"; sourceTree = "<group>"; };
		9CB237131DAF8D1300F50C45 /* UIButton+net.m */ = {isa = PBXFileReference; fileEncoding = 4; lastKnownFileType = sourcecode.c.objc; path = "UIButton+net.m"; sourceTree = "<group>"; };
		9CB237151DAF8D5F00F50C45 /* UILabel+net.h */ = {isa = PBXFileReference; fileEncoding = 4; lastKnownFileType = sourcecode.c.h; path = "UILabel+net.h"; sourceTree = "<group>"; };
		9CB237161DAF8D5F00F50C45 /* UILabel+net.m */ = {isa = PBXFileReference; fileEncoding = 4; lastKnownFileType = sourcecode.c.objc; path = "UILabel+net.m"; sourceTree = "<group>"; };
		9CB237181DAFC2E100F50C45 /* big-Star-actived@2x.png */ = {isa = PBXFileReference; lastKnownFileType = image.png; path = "big-Star-actived@2x.png"; sourceTree = "<group>"; };
		9CB237191DAFC2E100F50C45 /* big-Star@2x.png */ = {isa = PBXFileReference; lastKnownFileType = image.png; path = "big-Star@2x.png"; sourceTree = "<group>"; };
/* End PBXFileReference section */

/* Begin PBXFrameworksBuildPhase section */
		9CB236EE1DAF845400F50C45 /* Frameworks */ = {
			isa = PBXFrameworksBuildPhase;
			buildActionMask = 2147483647;
			files = (
			);
			runOnlyForDeploymentPostprocessing = 0;
		};
/* End PBXFrameworksBuildPhase section */

/* Begin PBXGroup section */
		9CB236E81DAF845300F50C45 = {
			isa = PBXGroup;
			children = (
				9CB236F31DAF845400F50C45 /* NetBtn */,
				9CB236F21DAF845400F50C45 /* Products */,
			);
			sourceTree = "<group>";
		};
		9CB236F21DAF845400F50C45 /* Products */ = {
			isa = PBXGroup;
			children = (
				9CB236F11DAF845400F50C45 /* NetBtn.app */,
			);
			name = Products;
			sourceTree = "<group>";
		};
		9CB236F31DAF845400F50C45 /* NetBtn */ = {
			isa = PBXGroup;
			children = (
				9CB236F71DAF845400F50C45 /* AppDelegate.h */,
				9CB236F81DAF845400F50C45 /* AppDelegate.m */,
				9CB236FA1DAF845400F50C45 /* ViewController.h */,
				9CB236FB1DAF845400F50C45 /* ViewController.m */,
				9CB2370B1DAF8A4400F50C45 /* UIView+net.h */,
				9CB2370C1DAF8A4400F50C45 /* UIView+net.m */,
				9CB237121DAF8D1300F50C45 /* UIButton+net.h */,
				9CB237131DAF8D1300F50C45 /* UIButton+net.m */,
				9CB237151DAF8D5F00F50C45 /* UILabel+net.h */,
				9CB237161DAF8D5F00F50C45 /* UILabel+net.m */,
				9CB237181DAFC2E100F50C45 /* big-Star-actived@2x.png */,
				9CB237191DAFC2E100F50C45 /* big-Star@2x.png */,
				9CB2370E1DAF8BC300F50C45 /* Reachability */,
				9CB236FD1DAF845400F50C45 /* Main.storyboard */,
				9CB237001DAF845400F50C45 /* Assets.xcassets */,
				9CB237021DAF845400F50C45 /* LaunchScreen.storyboard */,
				9CB237051DAF845400F50C45 /* Info.plist */,
				9CB236F41DAF845400F50C45 /* Supporting Files */,
			);
			path = NetBtn;
			sourceTree = "<group>";
		};
		9CB236F41DAF845400F50C45 /* Supporting Files */ = {
			isa = PBXGroup;
			children = (
				9CB236F51DAF845400F50C45 /* main.m */,
			);
			name = "Supporting Files";
			sourceTree = "<group>";
		};
		9CB2370E1DAF8BC300F50C45 /* Reachability */ = {
			isa = PBXGroup;
			children = (
				9CB2370F1DAF8BC300F50C45 /* Reachability.h */,
				9CB237101DAF8BC300F50C45 /* Reachability.m */,
			);
			path = Reachability;
			sourceTree = "<group>";
		};
/* End PBXGroup section */

/* Begin PBXNativeTarget section */
		9CB236F01DAF845400F50C45 /* NetBtn */ = {
			isa = PBXNativeTarget;
			buildConfigurationList = 9CB237081DAF845400F50C45 /* Build configuration list for PBXNativeTarget "NetBtn" */;
			buildPhases = (
				9CB236ED1DAF845400F50C45 /* Sources */,
				9CB236EE1DAF845400F50C45 /* Frameworks */,
				9CB236EF1DAF845400F50C45 /* Resources */,
			);
			buildRules = (
			);
			dependencies = (
			);
			name = NetBtn;
			productName = NetBtn;
			productReference = 9CB236F11DAF845400F50C45 /* NetBtn.app */;
			productType = "com.apple.product-type.application";
		};
/* End PBXNativeTarget section */

/* Begin PBXProject section */
		9CB236E91DAF845300F50C45 /* Project object */ = {
			isa = PBXProject;
			attributes = {
				LastUpgradeCheck = 0720;
				ORGANIZATIONNAME = Leven;
				TargetAttributes = {
					9CB236F01DAF845400F50C45 = {
						CreatedOnToolsVersion = 7.2.1;
					};
				};
			};
			buildConfigurationList = 9CB236EC1DAF845300F50C45 /* Build configuration list for PBXProject "NetBtn" */;
			compatibilityVersion = "Xcode 3.2";
			developmentRegion = English;
			hasScannedForEncodings = 0;
			knownRegions = (
				en,
				Base,
			);
			mainGroup = 9CB236E81DAF845300F50C45;
			productRefGroup = 9CB236F21DAF845400F50C45 /* Products */;
			projectDirPath = "";
			projectRoot = "";
			targets = (
				9CB236F01DAF845400F50C45 /* NetBtn */,
			);
		};
/* End PBXProject section */

/* Begin PBXResourcesBuildPhase section */
		9CB236EF1DAF845400F50C45 /* Resources */ = {
			isa = PBXResourcesBuildPhase;
			buildActionMask = 2147483647;
			files = (
				9CB237041DAF845400F50C45 /* LaunchScreen.storyboard in Resources */,
				9CB237011DAF845400F50C45 /* Assets.xcassets in Resources */,
				9CB2371A1DAFC2E100F50C45 /* big-Star-actived@2x.png in Resources */,
				9CB2371B1DAFC2E100F50C45 /* big-Star@2x.png in Resources */,
				9CB236FF1DAF845400F50C45 /* Main.storyboard in Resources */,
			);
			runOnlyForDeploymentPostprocessing = 0;
		};
/* End PBXResourcesBuildPhase section */

/* Begin PBXSourcesBuildPhase section */
		9CB236ED1DAF845400F50C45 /* Sources */ = {
			isa = PBXSourcesBuildPhase;
			buildActionMask = 2147483647;
			files = (
				9CB236FC1DAF845400F50C45 /* ViewController.m in Sources */,
				9CB237141DAF8D1300F50C45 /* UIButton+net.m in Sources */,
				9CB236F91DAF845400F50C45 /* AppDelegate.m in Sources */,
				9CB237171DAF8D5F00F50C45 /* UILabel+net.m in Sources */,
				9CB2370D1DAF8A4400F50C45 /* UIView+net.m in Sources */,
				9CB236F61DAF845400F50C45 /* main.m in Sources */,
				9CB237111DAF8BC300F50C45 /* Reachability.m in Sources */,
			);
			runOnlyForDeploymentPostprocessing = 0;
		};
/* End PBXSourcesBuildPhase section */

/* Begin PBXVariantGroup section */
		9CB236FD1DAF845400F50C45 /* Main.storyboard */ = {
			isa = PBXVariantGroup;
			children = (
				9CB236FE1DAF845400F50C45 /* Base */,
			);
			name = Main.storyboard;
			sourceTree = "<group>";
		};
		9CB237021DAF845400F50C45 /* LaunchScreen.storyboard */ = {
			isa = PBXVariantGroup;
			children = (
				9CB237031DAF845400F50C45 /* Base */,
			);
			name = LaunchScreen.storyboard;
			sourceTree = "<group>";
		};
/* End PBXVariantGroup section */

/* Begin XCBuildConfiguration section */
		9CB237061DAF845400F50C45 /* Debug */ = {
			isa = XCBuildConfiguration;
			buildSettings = {
				ALWAYS_SEARCH_USER_PATHS = NO;
				CLANG_CXX_LANGUAGE_STANDARD = "gnu++0x";
				CLANG_CXX_LIBRARY = "libc++";
				CLANG_ENABLE_MODULES = YES;
				CLANG_ENABLE_OBJC_ARC = YES;
				CLANG_WARN_BOOL_CONVERSION = YES;
				CLANG_WARN_CONSTANT_CONVERSION = YES;
				CLANG_WARN_DIRECT_OBJC_ISA_USAGE = YES_ERROR;
				CLANG_WARN_EMPTY_BODY = YES;
				CLANG_WARN_ENUM_CONVERSION = YES;
				CLANG_WARN_INT_CONVERSION = YES;
				CLANG_WARN_OBJC_ROOT_CLASS = YES_ERROR;
				CLANG_WARN_UNREACHABLE_CODE = YES;
				CLANG_WARN__DUPLICATE_METHOD_MATCH = YES;
				"CODE_SIGN_IDENTITY[sdk=iphoneos*]" = "iPhone Developer";
				COPY_PHASE_STRIP = NO;
				DEBUG_INFORMATION_FORMAT = dwarf;
				ENABLE_STRICT_OBJC_MSGSEND = YES;
				ENABLE_TESTABILITY = YES;
				GCC_C_LANGUAGE_STANDARD = gnu99;
				GCC_DYNAMIC_NO_PIC = NO;
				GCC_NO_COMMON_BLOCKS = YES;
				GCC_OPTIMIZATION_LEVEL = 0;
				GCC_PREPROCESSOR_DEFINITIONS = (
					"DEBUG=1",
					"$(inherited)",
				);
				GCC_WARN_64_TO_32_BIT_CONVERSION = YES;
				GCC_WARN_ABOUT_RETURN_TYPE = YES_ERROR;
				GCC_WARN_UNDECLARED_SELECTOR = YES;
				GCC_WARN_UNINITIALIZED_AUTOS = YES_AGGRESSIVE;
				GCC_WARN_UNUSED_FUNCTION = YES;
				GCC_WARN_UNUSED_VARIABLE = YES;
				IPHONEOS_DEPLOYMENT_TARGET = 9.2;
				MTL_ENABLE_DEBUG_INFO = YES;
				ONLY_ACTIVE_ARCH = YES;
				SDKROOT = iphoneos;
			};
			name = Debug;
		};
		9CB237071DAF845400F50C45 /* Release */ = {
			isa = XCBuildConfiguration;
			buildSettings = {
				ALWAYS_SEARCH_USER_PATHS = NO;
				CLANG_CXX_LANGUAGE_STANDARD = "gnu++0x";
				CLANG_CXX_LIBRARY = "libc++";
				CLANG_ENABLE_MODULES = YES;
				CLANG_ENABLE_OBJC_ARC = YES;
				CLANG_WARN_BOOL_CONVERSION = YES;
				CLANG_WARN_CONSTANT_CONVERSION = YES;
				CLANG_WARN_DIRECT_OBJC_ISA_USAGE = YES_ERROR;
				CLANG_WARN_EMPTY_BODY = YES;
				CLANG_WARN_ENUM_CONVERSION = YES;
				CLANG_WARN_INT_CONVERSION = YES;
				CLANG_WARN_OBJC_ROOT_CLASS = YES_ERROR;
				CLANG_WARN_UNREACHABLE_CODE = YES;
				CLANG_WARN__DUPLICATE_METHOD_MATCH = YES;
				"CODE_SIGN_IDENTITY[sdk=iphoneos*]" = "iPhone Developer";
				COPY_PHASE_STRIP = NO;
				DEBUG_INFORMATION_FORMAT = "dwarf-with-dsym";
				ENABLE_NS_ASSERTIONS = NO;
				ENABLE_STRICT_OBJC_MSGSEND = YES;
				GCC_C_LANGUAGE_STANDARD = gnu99;
				GCC_NO_COMMON_BLOCKS = YES;
				GCC_WARN_64_TO_32_BIT_CONVERSION = YES;
				GCC_WARN_ABOUT_RETURN_TYPE = YES_ERROR;
				GCC_WARN_UNDECLARED_SELECTOR = YES;
				GCC_WARN_UNINITIALIZED_AUTOS = YES_AGGRESSIVE;
				GCC_WARN_UNUSED_FUNCTION = YES;
				GCC_WARN_UNUSED_VARIABLE = YES;
				IPHONEOS_DEPLOYMENT_TARGET = 9.2;
				MTL_ENABLE_DEBUG_INFO = NO;
				SDKROOT = iphoneos;
				VALIDATE_PRODUCT = YES;
			};
			name = Release;
		};
		9CB237091DAF845400F50C45 /* Debug */ = {
			isa = XCBuildConfiguration;
			buildSettings = {
				ASSETCATALOG_COMPILER_APPICON_NAME = AppIcon;
				INFOPLIST_FILE = NetBtn/Info.plist;
				LD_RUNPATH_SEARCH_PATHS = "$(inherited) @executable_path/Frameworks";
				PRODUCT_BUNDLE_IDENTIFIER = com.Leven.NetBtn;
				PRODUCT_NAME = "$(TARGET_NAME)";
			};
			name = Debug;
		};
		9CB2370A1DAF845400F50C45 /* Release */ = {
			isa = XCBuildConfiguration;
			buildSettings = {
				ASSETCATALOG_COMPILER_APPICON_NAME = AppIcon;
				INFOPLIST_FILE = NetBtn/Info.plist;
				LD_RUNPATH_SEARCH_PATHS = "$(inherited) @executable_path/Frameworks";
				PRODUCT_BUNDLE_IDENTIFIER = com.Leven.NetBtn;
				PRODUCT_NAME = "$(TARGET_NAME)";
			};
			name = Release;
		};
/* End XCBuildConfiguration section */

/* Begin XCConfigurationList section */
		9CB236EC1DAF845300F50C45 /* Build configuration list for PBXProject "NetBtn" */ = {
			isa = XCConfigurationList;
			buildConfigurations = (
				9CB237061DAF845400F50C45 /* Debug */,
				9CB237071DAF845400F50C45 /* Release */,
			);
			defaultConfigurationIsVisible = 0;
			defaultConfigurationName = Release;
		};
		9CB237081DAF845400F50C45 /* Build configuration list for PBXNativeTarget "NetBtn" */ = {
			isa = XCConfigurationList;
			buildConfigurations = (
				9CB237091DAF845400F50C45 /* Debug */,
				9CB2370A1DAF845400F50C45 /* Release */,
			);
			defaultConfigurationIsVisible = 0;
		};
/* End XCConfigurationList section */
	};
	rootObject = 9CB236E91DAF845300F50C45 /* Project object */;
}
